// !$*UTF8*$!
{
	archiveVersion = 1;
	classes = {
	};
	objectVersion = 56;
	objects = {

/* Begin PBXBuildFile section */
		420C99F92A9C98D600096B53 /* LookPageDataSource.swift in Sources */ = {isa = PBXBuildFile; fileRef = 420C99F82A9C98D600096B53 /* LookPageDataSource.swift */; };
		4210A78F2A7D61FD004D52DE /* SDWebImage in Frameworks */ = {isa = PBXBuildFile; productRef = 4210A78E2A7D61FD004D52DE /* SDWebImage */; };
		4211DEA62A99021600ABF37E /* Extension+UIViewController.swift in Sources */ = {isa = PBXBuildFile; fileRef = 4211DEA52A99021600ABF37E /* Extension+UIViewController.swift */; };
		421201592AAE197700297F33 /* TrendingViewModel.swift in Sources */ = {isa = PBXBuildFile; fileRef = 421201582AAE197700297F33 /* TrendingViewModel.swift */; };
		42243DC82A93BE81000879BC /* UserDefaultsManager.swift in Sources */ = {isa = PBXBuildFile; fileRef = 42243DC72A93BE81000879BC /* UserDefaultsManager.swift */; };
		422D8EB62A83ED28002FD739 /* ImageLoader.swift in Sources */ = {isa = PBXBuildFile; fileRef = 422D8EB52A83ED28002FD739 /* ImageLoader.swift */; };
		422D8EB82A83EEEC002FD739 /* Extension+Array.swift in Sources */ = {isa = PBXBuildFile; fileRef = 422D8EB72A83EEEC002FD739 /* Extension+Array.swift */; };
		423B18B92A779DD70048E511 /* FirebaseAuth in Frameworks */ = {isa = PBXBuildFile; productRef = 423B18B82A779DD70048E511 /* FirebaseAuth */; };
		423B18BB2A779DD70048E511 /* FirebaseFirestore in Frameworks */ = {isa = PBXBuildFile; productRef = 423B18BA2A779DD70048E511 /* FirebaseFirestore */; };
		423B18BD2A779DD70048E511 /* FirebaseStorage in Frameworks */ = {isa = PBXBuildFile; productRef = 423B18BC2A779DD70048E511 /* FirebaseStorage */; };
		423B18BF2A77A07B0048E511 /* FirebaseRepositoryImpl.swift in Sources */ = {isa = PBXBuildFile; fileRef = 423B18BE2A77A07B0048E511 /* FirebaseRepositoryImpl.swift */; };
		423B18C32A77A3830048E511 /* GoogleService-Info.plist in Resources */ = {isa = PBXBuildFile; fileRef = 423B18C22A77A3830048E511 /* GoogleService-Info.plist */; };
		423B9E442A8681F700425226 /* FirebaseFirestoreSwift in Frameworks */ = {isa = PBXBuildFile; productRef = 423B9E432A8681F700425226 /* FirebaseFirestoreSwift */; };
		423B9E462A868B1200425226 /* FirebaseMigrationManager.swift in Sources */ = {isa = PBXBuildFile; fileRef = 423B9E452A868B1200425226 /* FirebaseMigrationManager.swift */; };
		423B9E482A8698B800425226 /* ListImagesViewModel.swift in Sources */ = {isa = PBXBuildFile; fileRef = 423B9E472A8698B800425226 /* ListImagesViewModel.swift */; };
		423B9E4A2A8698D600425226 /* FirestoreDatabase+Repository.swift in Sources */ = {isa = PBXBuildFile; fileRef = 423B9E492A8698D600425226 /* FirestoreDatabase+Repository.swift */; };
		423B9E4C2A86994900425226 /* FirebaseDatabase+Impl.swift in Sources */ = {isa = PBXBuildFile; fileRef = 423B9E4B2A86994900425226 /* FirebaseDatabase+Impl.swift */; };
		4246B1DE2A75570500DC913B /* AppDelegate.swift in Sources */ = {isa = PBXBuildFile; fileRef = 4246B1DD2A75570500DC913B /* AppDelegate.swift */; };
		4246B1E02A75570500DC913B /* SceneDelegate.swift in Sources */ = {isa = PBXBuildFile; fileRef = 4246B1DF2A75570500DC913B /* SceneDelegate.swift */; };
		4246B1E22A75570500DC913B /* CategoriesViewController.swift in Sources */ = {isa = PBXBuildFile; fileRef = 4246B1E12A75570500DC913B /* CategoriesViewController.swift */; };
		4246B1E72A75570700DC913B /* Assets.xcassets in Resources */ = {isa = PBXBuildFile; fileRef = 4246B1E62A75570700DC913B /* Assets.xcassets */; };
		4246B1EA2A75570700DC913B /* LaunchScreen.storyboard in Resources */ = {isa = PBXBuildFile; fileRef = 4246B1E82A75570700DC913B /* LaunchScreen.storyboard */; };
		4246B1FD2A7559D500DC913B /* CategoriesViewModel.swift in Sources */ = {isa = PBXBuildFile; fileRef = 4246B1FC2A7559D500DC913B /* CategoriesViewModel.swift */; };
		4246B2012A755B5700DC913B /* Category.swift in Sources */ = {isa = PBXBuildFile; fileRef = 4246B2002A755B5700DC913B /* Category.swift */; };
		4246B2052A755D1C00DC913B /* TabBarController.swift in Sources */ = {isa = PBXBuildFile; fileRef = 4246B2042A755D1C00DC913B /* TabBarController.swift */; };
		4246B20B2A755F0F00DC913B /* Extension+UIColor.swift in Sources */ = {isa = PBXBuildFile; fileRef = 4246B20A2A755F0E00DC913B /* Extension+UIColor.swift */; };
		4246B20D2A75621B00DC913B /* TabBarItem.swift in Sources */ = {isa = PBXBuildFile; fileRef = 4246B20C2A75621B00DC913B /* TabBarItem.swift */; };
		4246B20F2A75645700DC913B /* FavoriteViewController.swift in Sources */ = {isa = PBXBuildFile; fileRef = 4246B20E2A75645700DC913B /* FavoriteViewController.swift */; };
		4246B2122A75647D00DC913B /* TrendingViewController.swift in Sources */ = {isa = PBXBuildFile; fileRef = 4246B2112A75647D00DC913B /* TrendingViewController.swift */; };
		4246B2152A7564AA00DC913B /* SettingsViewController.swift in Sources */ = {isa = PBXBuildFile; fileRef = 4246B2142A7564AA00DC913B /* SettingsViewController.swift */; };
		4246B2182A75686900DC913B /* CollectionLayout.swift in Sources */ = {isa = PBXBuildFile; fileRef = 4246B2172A75686900DC913B /* CollectionLayout.swift */; };
		4246B21E2A756E6100DC913B /* Categories+CollectionDataSource.swift in Sources */ = {isa = PBXBuildFile; fileRef = 4246B21D2A756E6100DC913B /* Categories+CollectionDataSource.swift */; };
		4246B2202A756F3C00DC913B /* CategoryCollectionViewCell.swift in Sources */ = {isa = PBXBuildFile; fileRef = 4246B21F2A756F3C00DC913B /* CategoryCollectionViewCell.swift */; };
		4246B2222A756F9700DC913B /* BaseImageCollectionViewCell.swift in Sources */ = {isa = PBXBuildFile; fileRef = 4246B2212A756F9700DC913B /* BaseImageCollectionViewCell.swift */; };
		4246B2242A76ACFF00DC913B /* BaseViewController.swift in Sources */ = {isa = PBXBuildFile; fileRef = 4246B2232A76ACFF00DC913B /* BaseViewController.swift */; };
		4246B2382A76CBA500DC913B /* CardViewController.swift in Sources */ = {isa = PBXBuildFile; fileRef = 4246B2372A76CBA500DC913B /* CardViewController.swift */; };
		4246B23A2A76CC2F00DC913B /* CardView.swift in Sources */ = {isa = PBXBuildFile; fileRef = 4246B2392A76CC2F00DC913B /* CardView.swift */; };
		4246B2442A76D9D400DC913B /* SettingsCollectionViewCell.swift in Sources */ = {isa = PBXBuildFile; fileRef = 4246B2432A76D9D400DC913B /* SettingsCollectionViewCell.swift */; };
		4246B2462A76D9F400DC913B /* Settings+DataSource.swift in Sources */ = {isa = PBXBuildFile; fileRef = 4246B2452A76D9F400DC913B /* Settings+DataSource.swift */; };
		4246B2482A76DDCE00DC913B /* SettingsItem.swift in Sources */ = {isa = PBXBuildFile; fileRef = 4246B2472A76DDCE00DC913B /* SettingsItem.swift */; };
		42479D1A2A9BA76900B6EF02 /* LookPageViewController.swift in Sources */ = {isa = PBXBuildFile; fileRef = 42479D192A9BA76900B6EF02 /* LookPageViewController.swift */; };
		42479D1E2A9BAB4000B6EF02 /* LookPageCollectionViewCell.swift in Sources */ = {isa = PBXBuildFile; fileRef = 42479D1D2A9BAB4000B6EF02 /* LookPageCollectionViewCell.swift */; };
		42479D202A9BB0D300B6EF02 /* LookPageItem.swift in Sources */ = {isa = PBXBuildFile; fileRef = 42479D1F2A9BB0D300B6EF02 /* LookPageItem.swift */; };
		4265A93C2A7A305500ED9B81 /* IntroductionViewController.swift in Sources */ = {isa = PBXBuildFile; fileRef = 4265A93B2A7A305500ED9B81 /* IntroductionViewController.swift */; };
		4265A93E2A7A308300ED9B81 /* IntroductionCollectionViewCell.swift in Sources */ = {isa = PBXBuildFile; fileRef = 4265A93D2A7A308300ED9B81 /* IntroductionCollectionViewCell.swift */; };
		4265A9412A7A30C100ED9B81 /* Introduction+CollectionDataSource.swift in Sources */ = {isa = PBXBuildFile; fileRef = 4265A9402A7A30C100ED9B81 /* Introduction+CollectionDataSource.swift */; };
		4265A9432A7A362200ED9B81 /* IntroductionItem.swift in Sources */ = {isa = PBXBuildFile; fileRef = 4265A9422A7A362200ED9B81 /* IntroductionItem.swift */; };
		4265A9452A7AA6B400ED9B81 /* ListImagesViewController.swift in Sources */ = {isa = PBXBuildFile; fileRef = 4265A9442A7AA6B400ED9B81 /* ListImagesViewController.swift */; };
		4265A9472A7AAADC00ED9B81 /* Firebase+Repository.swift in Sources */ = {isa = PBXBuildFile; fileRef = 4265A9462A7AAADC00ED9B81 /* Firebase+Repository.swift */; };
		4265A94A2A7AAB9100ED9B81 /* WallPaperItem.swift in Sources */ = {isa = PBXBuildFile; fileRef = 4265A9492A7AAB9100ED9B81 /* WallPaperItem.swift */; };
		42B05C6B2A83E02A006F459A /* WallpaperUseCase.swift in Sources */ = {isa = PBXBuildFile; fileRef = 42B05C6A2A83E02A006F459A /* WallpaperUseCase.swift */; };
		42B70AFB2A801D1800225734 /* AboutUsViewController.swift in Sources */ = {isa = PBXBuildFile; fileRef = 42B70AFA2A801D1800225734 /* AboutUsViewController.swift */; };
		42B950E32A9657A2008E4E63 /* ThemeService.swift in Sources */ = {isa = PBXBuildFile; fileRef = 42B950E22A9657A2008E4E63 /* ThemeService.swift */; };
		42B950E52A965CD0008E4E63 /* Extension+UIApplication.swift in Sources */ = {isa = PBXBuildFile; fileRef = 42B950E42A965CD0008E4E63 /* Extension+UIApplication.swift */; };
		42BCC2C82A9D0C9F00995DC3 /* Extension+UICollectionView.swift in Sources */ = {isa = PBXBuildFile; fileRef = 42BCC2C72A9D0C9F00995DC3 /* Extension+UICollectionView.swift */; };
		42BD2F6B2A9CF3F700176E0F /* BaseModalityViewController.swift in Sources */ = {isa = PBXBuildFile; fileRef = 42BD2F6A2A9CF3F700176E0F /* BaseModalityViewController.swift */; };
		42D3B6202A81384B00BBD4A4 /* Wallpaper+CoreDataClass.swift in Sources */ = {isa = PBXBuildFile; fileRef = 42D3B61E2A81384B00BBD4A4 /* Wallpaper+CoreDataClass.swift */; };
		42D3B6212A81384B00BBD4A4 /* Wallpaper+CoreDataProperties.swift in Sources */ = {isa = PBXBuildFile; fileRef = 42D3B61F2A81384B00BBD4A4 /* Wallpaper+CoreDataProperties.swift */; };
		42D3B6262A813C6E00BBD4A4 /* Constants.swift in Sources */ = {isa = PBXBuildFile; fileRef = 42D3B6252A813C6E00BBD4A4 /* Constants.swift */; };
		42D3B6282A813FFC00BBD4A4 /* CoreData+Repository.swift in Sources */ = {isa = PBXBuildFile; fileRef = 42D3B6272A813FFC00BBD4A4 /* CoreData+Repository.swift */; };
		42E0CEEA2AA6161C00CE72B7 /* CardViewModel.swift in Sources */ = {isa = PBXBuildFile; fileRef = 42E0CEE92AA6161C00CE72B7 /* CardViewModel.swift */; };
		F527C0B70538F69AD71BF90E /* Pods_PhotoAiPaper.framework in Frameworks */ = {isa = PBXBuildFile; fileRef = DC8E663A4FF66C7012D07ED3 /* Pods_PhotoAiPaper.framework */; };
/* End PBXBuildFile section */

/* Begin PBXFileReference section */
		14DCE44A638E16AD020F8288 /* Pods-PhotoAiPaper.debug.xcconfig */ = {isa = PBXFileReference; includeInIndex = 1; lastKnownFileType = text.xcconfig; name = "Pods-PhotoAiPaper.debug.xcconfig"; path = "Target Support Files/Pods-PhotoAiPaper/Pods-PhotoAiPaper.debug.xcconfig"; sourceTree = "<group>"; };
		420C99F82A9C98D600096B53 /* LookPageDataSource.swift */ = {isa = PBXFileReference; lastKnownFileType = sourcecode.swift; path = LookPageDataSource.swift; sourceTree = "<group>"; };
		4211DEA52A99021600ABF37E /* Extension+UIViewController.swift */ = {isa = PBXFileReference; lastKnownFileType = sourcecode.swift; path = "Extension+UIViewController.swift"; sourceTree = "<group>"; };
		421201582AAE197700297F33 /* TrendingViewModel.swift */ = {isa = PBXFileReference; lastKnownFileType = sourcecode.swift; path = TrendingViewModel.swift; sourceTree = "<group>"; };
		42243DC72A93BE81000879BC /* UserDefaultsManager.swift */ = {isa = PBXFileReference; lastKnownFileType = sourcecode.swift; path = UserDefaultsManager.swift; sourceTree = "<group>"; };
		422D8EB52A83ED28002FD739 /* ImageLoader.swift */ = {isa = PBXFileReference; lastKnownFileType = sourcecode.swift; path = ImageLoader.swift; sourceTree = "<group>"; };
		422D8EB72A83EEEC002FD739 /* Extension+Array.swift */ = {isa = PBXFileReference; lastKnownFileType = sourcecode.swift; path = "Extension+Array.swift"; sourceTree = "<group>"; };
		423B18BE2A77A07B0048E511 /* FirebaseRepositoryImpl.swift */ = {isa = PBXFileReference; lastKnownFileType = sourcecode.swift; path = FirebaseRepositoryImpl.swift; sourceTree = "<group>"; };
		423B18C22A77A3830048E511 /* GoogleService-Info.plist */ = {isa = PBXFileReference; fileEncoding = 4; lastKnownFileType = text.plist.xml; path = "GoogleService-Info.plist"; sourceTree = "<group>"; };
		423B9E452A868B1200425226 /* FirebaseMigrationManager.swift */ = {isa = PBXFileReference; lastKnownFileType = sourcecode.swift; path = FirebaseMigrationManager.swift; sourceTree = "<group>"; };
		423B9E472A8698B800425226 /* ListImagesViewModel.swift */ = {isa = PBXFileReference; lastKnownFileType = sourcecode.swift; path = ListImagesViewModel.swift; sourceTree = "<group>"; };
		423B9E492A8698D600425226 /* FirestoreDatabase+Repository.swift */ = {isa = PBXFileReference; lastKnownFileType = sourcecode.swift; path = "FirestoreDatabase+Repository.swift"; sourceTree = "<group>"; };
		423B9E4B2A86994900425226 /* FirebaseDatabase+Impl.swift */ = {isa = PBXFileReference; lastKnownFileType = sourcecode.swift; path = "FirebaseDatabase+Impl.swift"; sourceTree = "<group>"; };
		4246B1DA2A75570500DC913B /* PhotoAiPaper.app */ = {isa = PBXFileReference; explicitFileType = wrapper.application; includeInIndex = 0; path = PhotoAiPaper.app; sourceTree = BUILT_PRODUCTS_DIR; };
		4246B1DD2A75570500DC913B /* AppDelegate.swift */ = {isa = PBXFileReference; lastKnownFileType = sourcecode.swift; path = AppDelegate.swift; sourceTree = "<group>"; };
		4246B1DF2A75570500DC913B /* SceneDelegate.swift */ = {isa = PBXFileReference; lastKnownFileType = sourcecode.swift; path = SceneDelegate.swift; sourceTree = "<group>"; };
		4246B1E12A75570500DC913B /* CategoriesViewController.swift */ = {isa = PBXFileReference; lastKnownFileType = sourcecode.swift; path = CategoriesViewController.swift; sourceTree = "<group>"; };
		4246B1E62A75570700DC913B /* Assets.xcassets */ = {isa = PBXFileReference; lastKnownFileType = folder.assetcatalog; path = Assets.xcassets; sourceTree = "<group>"; };
		4246B1E92A75570700DC913B /* Base */ = {isa = PBXFileReference; lastKnownFileType = file.storyboard; name = Base; path = Base.lproj/LaunchScreen.storyboard; sourceTree = "<group>"; };
		4246B1EB2A75570700DC913B /* Info.plist */ = {isa = PBXFileReference; lastKnownFileType = text.plist.xml; path = Info.plist; sourceTree = "<group>"; };
		4246B1FC2A7559D500DC913B /* CategoriesViewModel.swift */ = {isa = PBXFileReference; lastKnownFileType = sourcecode.swift; path = CategoriesViewModel.swift; sourceTree = "<group>"; };
		4246B2002A755B5700DC913B /* Category.swift */ = {isa = PBXFileReference; lastKnownFileType = sourcecode.swift; path = Category.swift; sourceTree = "<group>"; };
		4246B2042A755D1C00DC913B /* TabBarController.swift */ = {isa = PBXFileReference; lastKnownFileType = sourcecode.swift; path = TabBarController.swift; sourceTree = "<group>"; };
		4246B20A2A755F0E00DC913B /* Extension+UIColor.swift */ = {isa = PBXFileReference; lastKnownFileType = sourcecode.swift; path = "Extension+UIColor.swift"; sourceTree = "<group>"; };
		4246B20C2A75621B00DC913B /* TabBarItem.swift */ = {isa = PBXFileReference; lastKnownFileType = sourcecode.swift; path = TabBarItem.swift; sourceTree = "<group>"; };
		4246B20E2A75645700DC913B /* FavoriteViewController.swift */ = {isa = PBXFileReference; lastKnownFileType = sourcecode.swift; path = FavoriteViewController.swift; sourceTree = "<group>"; };
		4246B2112A75647D00DC913B /* TrendingViewController.swift */ = {isa = PBXFileReference; lastKnownFileType = sourcecode.swift; path = TrendingViewController.swift; sourceTree = "<group>"; };
		4246B2142A7564AA00DC913B /* SettingsViewController.swift */ = {isa = PBXFileReference; lastKnownFileType = sourcecode.swift; path = SettingsViewController.swift; sourceTree = "<group>"; };
		4246B2172A75686900DC913B /* CollectionLayout.swift */ = {isa = PBXFileReference; lastKnownFileType = sourcecode.swift; path = CollectionLayout.swift; sourceTree = "<group>"; };
		4246B21D2A756E6100DC913B /* Categories+CollectionDataSource.swift */ = {isa = PBXFileReference; lastKnownFileType = sourcecode.swift; path = "Categories+CollectionDataSource.swift"; sourceTree = "<group>"; };
		4246B21F2A756F3C00DC913B /* CategoryCollectionViewCell.swift */ = {isa = PBXFileReference; lastKnownFileType = sourcecode.swift; path = CategoryCollectionViewCell.swift; sourceTree = "<group>"; };
		4246B2212A756F9700DC913B /* BaseImageCollectionViewCell.swift */ = {isa = PBXFileReference; lastKnownFileType = sourcecode.swift; path = BaseImageCollectionViewCell.swift; sourceTree = "<group>"; };
		4246B2232A76ACFF00DC913B /* BaseViewController.swift */ = {isa = PBXFileReference; lastKnownFileType = sourcecode.swift; path = BaseViewController.swift; sourceTree = "<group>"; };
		4246B2372A76CBA500DC913B /* CardViewController.swift */ = {isa = PBXFileReference; lastKnownFileType = sourcecode.swift; path = CardViewController.swift; sourceTree = "<group>"; };
		4246B2392A76CC2F00DC913B /* CardView.swift */ = {isa = PBXFileReference; lastKnownFileType = sourcecode.swift; path = CardView.swift; sourceTree = "<group>"; };
		4246B2432A76D9D400DC913B /* SettingsCollectionViewCell.swift */ = {isa = PBXFileReference; lastKnownFileType = sourcecode.swift; path = SettingsCollectionViewCell.swift; sourceTree = "<group>"; };
		4246B2452A76D9F400DC913B /* Settings+DataSource.swift */ = {isa = PBXFileReference; lastKnownFileType = sourcecode.swift; path = "Settings+DataSource.swift"; sourceTree = "<group>"; };
		4246B2472A76DDCE00DC913B /* SettingsItem.swift */ = {isa = PBXFileReference; lastKnownFileType = sourcecode.swift; path = SettingsItem.swift; sourceTree = "<group>"; };
		42479D192A9BA76900B6EF02 /* LookPageViewController.swift */ = {isa = PBXFileReference; lastKnownFileType = sourcecode.swift; path = LookPageViewController.swift; sourceTree = "<group>"; };
		42479D1D2A9BAB4000B6EF02 /* LookPageCollectionViewCell.swift */ = {isa = PBXFileReference; lastKnownFileType = sourcecode.swift; path = LookPageCollectionViewCell.swift; sourceTree = "<group>"; };
		42479D1F2A9BB0D300B6EF02 /* LookPageItem.swift */ = {isa = PBXFileReference; lastKnownFileType = sourcecode.swift; path = LookPageItem.swift; sourceTree = "<group>"; };
		4265A93B2A7A305500ED9B81 /* IntroductionViewController.swift */ = {isa = PBXFileReference; lastKnownFileType = sourcecode.swift; path = IntroductionViewController.swift; sourceTree = "<group>"; };
		4265A93D2A7A308300ED9B81 /* IntroductionCollectionViewCell.swift */ = {isa = PBXFileReference; lastKnownFileType = sourcecode.swift; path = IntroductionCollectionViewCell.swift; sourceTree = "<group>"; };
		4265A9402A7A30C100ED9B81 /* Introduction+CollectionDataSource.swift */ = {isa = PBXFileReference; lastKnownFileType = sourcecode.swift; path = "Introduction+CollectionDataSource.swift"; sourceTree = "<group>"; };
		4265A9422A7A362200ED9B81 /* IntroductionItem.swift */ = {isa = PBXFileReference; lastKnownFileType = sourcecode.swift; path = IntroductionItem.swift; sourceTree = "<group>"; };
		4265A9442A7AA6B400ED9B81 /* ListImagesViewController.swift */ = {isa = PBXFileReference; lastKnownFileType = sourcecode.swift; path = ListImagesViewController.swift; sourceTree = "<group>"; };
		4265A9462A7AAADC00ED9B81 /* Firebase+Repository.swift */ = {isa = PBXFileReference; lastKnownFileType = sourcecode.swift; path = "Firebase+Repository.swift"; sourceTree = "<group>"; };
		4265A9492A7AAB9100ED9B81 /* WallPaperItem.swift */ = {isa = PBXFileReference; lastKnownFileType = sourcecode.swift; path = WallPaperItem.swift; sourceTree = "<group>"; };
		42B05C6A2A83E02A006F459A /* WallpaperUseCase.swift */ = {isa = PBXFileReference; lastKnownFileType = sourcecode.swift; path = WallpaperUseCase.swift; sourceTree = "<group>"; };
		42B70AFA2A801D1800225734 /* AboutUsViewController.swift */ = {isa = PBXFileReference; lastKnownFileType = sourcecode.swift; path = AboutUsViewController.swift; sourceTree = "<group>"; };
		42B950E22A9657A2008E4E63 /* ThemeService.swift */ = {isa = PBXFileReference; lastKnownFileType = sourcecode.swift; path = ThemeService.swift; sourceTree = "<group>"; };
		42B950E42A965CD0008E4E63 /* Extension+UIApplication.swift */ = {isa = PBXFileReference; lastKnownFileType = sourcecode.swift; path = "Extension+UIApplication.swift"; sourceTree = "<group>"; };
		42BCC2C72A9D0C9F00995DC3 /* Extension+UICollectionView.swift */ = {isa = PBXFileReference; lastKnownFileType = sourcecode.swift; path = "Extension+UICollectionView.swift"; sourceTree = "<group>"; };
		42BD2F6A2A9CF3F700176E0F /* BaseModalityViewController.swift */ = {isa = PBXFileReference; lastKnownFileType = sourcecode.swift; path = BaseModalityViewController.swift; sourceTree = "<group>"; };
		42D3B61E2A81384B00BBD4A4 /* Wallpaper+CoreDataClass.swift */ = {isa = PBXFileReference; lastKnownFileType = sourcecode.swift; path = "Wallpaper+CoreDataClass.swift"; sourceTree = "<group>"; };
		42D3B61F2A81384B00BBD4A4 /* Wallpaper+CoreDataProperties.swift */ = {isa = PBXFileReference; lastKnownFileType = sourcecode.swift; path = "Wallpaper+CoreDataProperties.swift"; sourceTree = "<group>"; };
		42D3B6252A813C6E00BBD4A4 /* Constants.swift */ = {isa = PBXFileReference; lastKnownFileType = sourcecode.swift; path = Constants.swift; sourceTree = "<group>"; };
		42D3B6272A813FFC00BBD4A4 /* CoreData+Repository.swift */ = {isa = PBXFileReference; lastKnownFileType = sourcecode.swift; path = "CoreData+Repository.swift"; sourceTree = "<group>"; };
		42E0CEE92AA6161C00CE72B7 /* CardViewModel.swift */ = {isa = PBXFileReference; lastKnownFileType = sourcecode.swift; path = CardViewModel.swift; sourceTree = "<group>"; };
		B50C92F34AF63E628A83A42A /* Pods-PhotoAiPaper.release.xcconfig */ = {isa = PBXFileReference; includeInIndex = 1; lastKnownFileType = text.xcconfig; name = "Pods-PhotoAiPaper.release.xcconfig"; path = "Target Support Files/Pods-PhotoAiPaper/Pods-PhotoAiPaper.release.xcconfig"; sourceTree = "<group>"; };
		DC8E663A4FF66C7012D07ED3 /* Pods_PhotoAiPaper.framework */ = {isa = PBXFileReference; explicitFileType = wrapper.framework; includeInIndex = 0; path = Pods_PhotoAiPaper.framework; sourceTree = BUILT_PRODUCTS_DIR; };
/* End PBXFileReference section */

/* Begin PBXFrameworksBuildPhase section */
		4246B1D72A75570500DC913B /* Frameworks */ = {
			isa = PBXFrameworksBuildPhase;
			buildActionMask = 2147483647;
			files = (
				423B18B92A779DD70048E511 /* FirebaseAuth in Frameworks */,
				423B18BB2A779DD70048E511 /* FirebaseFirestore in Frameworks */,
				423B18BD2A779DD70048E511 /* FirebaseStorage in Frameworks */,
				F527C0B70538F69AD71BF90E /* Pods_PhotoAiPaper.framework in Frameworks */,
				4210A78F2A7D61FD004D52DE /* SDWebImage in Frameworks */,
				423B9E442A8681F700425226 /* FirebaseFirestoreSwift in Frameworks */,
			);
			runOnlyForDeploymentPostprocessing = 0;
		};
/* End PBXFrameworksBuildPhase section */

/* Begin PBXGroup section */
		422D8EB42A83ED00002FD739 /* Services */ = {
			isa = PBXGroup;
			children = (
				422D8EB52A83ED28002FD739 /* ImageLoader.swift */,
				42B950E22A9657A2008E4E63 /* ThemeService.swift */,
				423B9E452A868B1200425226 /* FirebaseMigrationManager.swift */,
			);
			path = Services;
			sourceTree = "<group>";
		};
		423B18C02A77A0820048E511 /* RepositoryImpl */ = {
			isa = PBXGroup;
			children = (
				423B18BE2A77A07B0048E511 /* FirebaseRepositoryImpl.swift */,
				423B9E4B2A86994900425226 /* FirebaseDatabase+Impl.swift */,
			);
			path = RepositoryImpl;
			sourceTree = "<group>";
		};
		423B18C12A77A09D0048E511 /* Infrastructure */ = {
			isa = PBXGroup;
			children = (
				422D8EB42A83ED00002FD739 /* Services */,
				423B18C02A77A0820048E511 /* RepositoryImpl */,
			);
			path = Infrastructure;
			sourceTree = "<group>";
		};
		4246B1D12A75570500DC913B = {
			isa = PBXGroup;
			children = (
				4246B1DC2A75570500DC913B /* PhotoAiPaper */,
				4246B1DB2A75570500DC913B /* Products */,
				8D989748151A570C503C99E1 /* Pods */,
				463DC295F604EAA10337E845 /* Frameworks */,
			);
			sourceTree = "<group>";
		};
		4246B1DB2A75570500DC913B /* Products */ = {
			isa = PBXGroup;
			children = (
				4246B1DA2A75570500DC913B /* PhotoAiPaper.app */,
			);
			name = Products;
			sourceTree = "<group>";
		};
		4246B1DC2A75570500DC913B /* PhotoAiPaper */ = {
			isa = PBXGroup;
			children = (
				423B18C22A77A3830048E511 /* GoogleService-Info.plist */,
				4246B1DD2A75570500DC913B /* AppDelegate.swift */,
				4246B1DF2A75570500DC913B /* SceneDelegate.swift */,
				423B18C12A77A09D0048E511 /* Infrastructure */,
				4246B2082A755EF500DC913B /* Common */,
				4246B1FE2A755A3900DC913B /* Domain */,
				4246B1F42A7558EE00DC913B /* Presentation */,
				4246B1E82A75570700DC913B /* LaunchScreen.storyboard */,
				4246B1E62A75570700DC913B /* Assets.xcassets */,
				4246B1EB2A75570700DC913B /* Info.plist */,
			);
			path = PhotoAiPaper;
			sourceTree = "<group>";
		};
		4246B1F12A7558C100DC913B /* View */ = {
			isa = PBXGroup;
			children = (
				4246B21F2A756F3C00DC913B /* CategoryCollectionViewCell.swift */,
			);
			path = View;
			sourceTree = "<group>";
		};
		4246B1F22A7558CC00DC913B /* Categories */ = {
			isa = PBXGroup;
			children = (
				4246B1E12A75570500DC913B /* CategoriesViewController.swift */,
				4246B21D2A756E6100DC913B /* Categories+CollectionDataSource.swift */,
				4246B1FB2A7559BC00DC913B /* ViewModel */,
				4246B1F12A7558C100DC913B /* View */,
			);
			path = Categories;
			sourceTree = "<group>";
		};
		4246B1F32A7558E400DC913B /* Scenes */ = {
			isa = PBXGroup;
			children = (
				4246B1F52A75590400DC913B /* Trending */,
				4246B1F22A7558CC00DC913B /* Categories */,
				4246B1F72A75594200DC913B /* Favorite */,
				4246B1F82A75595300DC913B /* Settings */,
				4246B1F92A75597500DC913B /* Card */,
				42479D182A9BA75500B6EF02 /* LookPage */,
				4246B1FA2A75599200DC913B /* Introduction */,
				4246B1F62A75593000DC913B /* ListImages */,
			);
			path = Scenes;
			sourceTree = "<group>";
		};
		4246B1F42A7558EE00DC913B /* Presentation */ = {
			isa = PBXGroup;
			children = (
				4246B1F32A7558E400DC913B /* Scenes */,
				4246B2032A755CF400DC913B /* Shared */,
			);
			path = Presentation;
			sourceTree = "<group>";
		};
		4246B1F52A75590400DC913B /* Trending */ = {
			isa = PBXGroup;
			children = (
				4246B2112A75647D00DC913B /* TrendingViewController.swift */,
				421201582AAE197700297F33 /* TrendingViewModel.swift */,
			);
			path = Trending;
			sourceTree = "<group>";
		};
		4246B1F62A75593000DC913B /* ListImages */ = {
			isa = PBXGroup;
			children = (
				4265A9442A7AA6B400ED9B81 /* ListImagesViewController.swift */,
				423B9E472A8698B800425226 /* ListImagesViewModel.swift */,
			);
			path = ListImages;
			sourceTree = "<group>";
		};
		4246B1F72A75594200DC913B /* Favorite */ = {
			isa = PBXGroup;
			children = (
				4246B20E2A75645700DC913B /* FavoriteViewController.swift */,
				4246B2102A75646100DC913B /* View */,
			);
			path = Favorite;
			sourceTree = "<group>";
		};
		4246B1F82A75595300DC913B /* Settings */ = {
			isa = PBXGroup;
			children = (
				4246B2452A76D9F400DC913B /* Settings+DataSource.swift */,
				4246B2142A7564AA00DC913B /* SettingsViewController.swift */,
				42B70AFA2A801D1800225734 /* AboutUsViewController.swift */,
				4246B2162A7564AF00DC913B /* View */,
			);
			path = Settings;
			sourceTree = "<group>";
		};
		4246B1F92A75597500DC913B /* Card */ = {
			isa = PBXGroup;
			children = (
				4246B2372A76CBA500DC913B /* CardViewController.swift */,
				4246B2392A76CC2F00DC913B /* CardView.swift */,
				42E0CEE92AA6161C00CE72B7 /* CardViewModel.swift */,
			);
			path = Card;
			sourceTree = "<group>";
		};
		4246B1FA2A75599200DC913B /* Introduction */ = {
			isa = PBXGroup;
			children = (
				4265A9402A7A30C100ED9B81 /* Introduction+CollectionDataSource.swift */,
				4265A9422A7A362200ED9B81 /* IntroductionItem.swift */,
				4265A93B2A7A305500ED9B81 /* IntroductionViewController.swift */,
				4265A93F2A7A309600ED9B81 /* View */,
			);
			path = Introduction;
			sourceTree = "<group>";
		};
		4246B1FB2A7559BC00DC913B /* ViewModel */ = {
			isa = PBXGroup;
			children = (
				4246B1FC2A7559D500DC913B /* CategoriesViewModel.swift */,
			);
			path = ViewModel;
			sourceTree = "<group>";
		};
		4246B1FE2A755A3900DC913B /* Domain */ = {
			isa = PBXGroup;
			children = (
				4246B1FF2A755A5800DC913B /* Entities */,
				4265A9482A7AAAE100ED9B81 /* Repositories */,
				42B05C6C2A83E02D006F459A /* UseCases */,
			);
			path = Domain;
			sourceTree = "<group>";
		};
		4246B1FF2A755A5800DC913B /* Entities */ = {
			isa = PBXGroup;
			children = (
				42D3B6222A81387A00BBD4A4 /* Wallpaper+CoreData */,
				4246B2002A755B5700DC913B /* Category.swift */,
				4265A9492A7AAB9100ED9B81 /* WallPaperItem.swift */,
			);
			path = Entities;
			sourceTree = "<group>";
		};
		4246B2032A755CF400DC913B /* Shared */ = {
			isa = PBXGroup;
			children = (
				4246B2042A755D1C00DC913B /* TabBarController.swift */,
				4246B20C2A75621B00DC913B /* TabBarItem.swift */,
				4246B2172A75686900DC913B /* CollectionLayout.swift */,
				4246B2212A756F9700DC913B /* BaseImageCollectionViewCell.swift */,
				4246B2232A76ACFF00DC913B /* BaseViewController.swift */,
				42BD2F6A2A9CF3F700176E0F /* BaseModalityViewController.swift */,
			);
			path = Shared;
			sourceTree = "<group>";
		};
		4246B2082A755EF500DC913B /* Common */ = {
			isa = PBXGroup;
			children = (
				4246B2092A755EFA00DC913B /* Extensions */,
				42D3B6252A813C6E00BBD4A4 /* Constants.swift */,
				42243DC72A93BE81000879BC /* UserDefaultsManager.swift */,
			);
			path = Common;
			sourceTree = "<group>";
		};
		4246B2092A755EFA00DC913B /* Extensions */ = {
			isa = PBXGroup;
			children = (
				4246B20A2A755F0E00DC913B /* Extension+UIColor.swift */,
				42BCC2C72A9D0C9F00995DC3 /* Extension+UICollectionView.swift */,
				4211DEA52A99021600ABF37E /* Extension+UIViewController.swift */,
				42B950E42A965CD0008E4E63 /* Extension+UIApplication.swift */,
				422D8EB72A83EEEC002FD739 /* Extension+Array.swift */,
			);
			path = Extensions;
			sourceTree = "<group>";
		};
		4246B2102A75646100DC913B /* View */ = {
			isa = PBXGroup;
			children = (
			);
			path = View;
			sourceTree = "<group>";
		};
		4246B2162A7564AF00DC913B /* View */ = {
			isa = PBXGroup;
			children = (
				4246B2432A76D9D400DC913B /* SettingsCollectionViewCell.swift */,
				4246B2472A76DDCE00DC913B /* SettingsItem.swift */,
			);
			path = View;
			sourceTree = "<group>";
		};
		42479D182A9BA75500B6EF02 /* LookPage */ = {
			isa = PBXGroup;
			children = (
				42479D192A9BA76900B6EF02 /* LookPageViewController.swift */,
				420C99F82A9C98D600096B53 /* LookPageDataSource.swift */,
				42479D1D2A9BAB4000B6EF02 /* LookPageCollectionViewCell.swift */,
				42479D1F2A9BB0D300B6EF02 /* LookPageItem.swift */,
			);
			path = LookPage;
			sourceTree = "<group>";
		};
		4265A93F2A7A309600ED9B81 /* View */ = {
			isa = PBXGroup;
			children = (
				4265A93D2A7A308300ED9B81 /* IntroductionCollectionViewCell.swift */,
			);
			path = View;
			sourceTree = "<group>";
		};
		4265A9482A7AAAE100ED9B81 /* Repositories */ = {
			isa = PBXGroup;
			children = (
				4265A9462A7AAADC00ED9B81 /* Firebase+Repository.swift */,
				423B9E492A8698D600425226 /* FirestoreDatabase+Repository.swift */,
				42D3B6272A813FFC00BBD4A4 /* CoreData+Repository.swift */,
			);
			path = Repositories;
			sourceTree = "<group>";
		};
		42B05C6C2A83E02D006F459A /* UseCases */ = {
			isa = PBXGroup;
			children = (
				42B05C6A2A83E02A006F459A /* WallpaperUseCase.swift */,
			);
			path = UseCases;
			sourceTree = "<group>";
		};
		42D3B6222A81387A00BBD4A4 /* Wallpaper+CoreData */ = {
			isa = PBXGroup;
			children = (
				42D3B61E2A81384B00BBD4A4 /* Wallpaper+CoreDataClass.swift */,
				42D3B61F2A81384B00BBD4A4 /* Wallpaper+CoreDataProperties.swift */,
			);
			path = "Wallpaper+CoreData";
			sourceTree = "<group>";
		};
		463DC295F604EAA10337E845 /* Frameworks */ = {
			isa = PBXGroup;
			children = (
				DC8E663A4FF66C7012D07ED3 /* Pods_PhotoAiPaper.framework */,
			);
			name = Frameworks;
			sourceTree = "<group>";
		};
		8D989748151A570C503C99E1 /* Pods */ = {
			isa = PBXGroup;
			children = (
				14DCE44A638E16AD020F8288 /* Pods-PhotoAiPaper.debug.xcconfig */,
				B50C92F34AF63E628A83A42A /* Pods-PhotoAiPaper.release.xcconfig */,
			);
			path = Pods;
			sourceTree = "<group>";
		};
/* End PBXGroup section */

/* Begin PBXNativeTarget section */
		4246B1D92A75570500DC913B /* PhotoAiPaper */ = {
			isa = PBXNativeTarget;
			buildConfigurationList = 4246B1EE2A75570700DC913B /* Build configuration list for PBXNativeTarget "PhotoAiPaper" */;
			buildPhases = (
				D23ABE38EE50BF74F939B093 /* [CP] Check Pods Manifest.lock */,
				4246B1D62A75570500DC913B /* Sources */,
				4246B1D72A75570500DC913B /* Frameworks */,
				4246B1D82A75570500DC913B /* Resources */,
			);
			buildRules = (
			);
			dependencies = (
			);
			name = PhotoAiPaper;
			packageProductDependencies = (
				423B18B82A779DD70048E511 /* FirebaseAuth */,
				423B18BA2A779DD70048E511 /* FirebaseFirestore */,
				423B18BC2A779DD70048E511 /* FirebaseStorage */,
				4210A78E2A7D61FD004D52DE /* SDWebImage */,
				423B9E432A8681F700425226 /* FirebaseFirestoreSwift */,
			);
			productName = PhotoAiPaper;
			productReference = 4246B1DA2A75570500DC913B /* PhotoAiPaper.app */;
			productType = "com.apple.product-type.application";
		};
/* End PBXNativeTarget section */

/* Begin PBXProject section */
		4246B1D22A75570500DC913B /* Project object */ = {
			isa = PBXProject;
			attributes = {
				BuildIndependentTargetsInParallel = 1;
				LastSwiftUpdateCheck = 1430;
				LastUpgradeCheck = 1430;
				TargetAttributes = {
					4246B1D92A75570500DC913B = {
						CreatedOnToolsVersion = 14.3.1;
					};
				};
			};
			buildConfigurationList = 4246B1D52A75570500DC913B /* Build configuration list for PBXProject "PhotoAiPaper" */;
			compatibilityVersion = "Xcode 14.0";
			developmentRegion = en;
			hasScannedForEncodings = 0;
			knownRegions = (
				en,
				Base,
			);
			mainGroup = 4246B1D12A75570500DC913B;
			packageReferences = (
				423B18B72A779DD70048E511 /* XCRemoteSwiftPackageReference "firebase-ios-sdk" */,
				4210A78D2A7D61FD004D52DE /* XCRemoteSwiftPackageReference "SDWebImage" */,
			);
			productRefGroup = 4246B1DB2A75570500DC913B /* Products */;
			projectDirPath = "";
			projectRoot = "";
			targets = (
				4246B1D92A75570500DC913B /* PhotoAiPaper */,
			);
		};
/* End PBXProject section */

/* Begin PBXResourcesBuildPhase section */
		4246B1D82A75570500DC913B /* Resources */ = {
			isa = PBXResourcesBuildPhase;
			buildActionMask = 2147483647;
			files = (
				4246B1EA2A75570700DC913B /* LaunchScreen.storyboard in Resources */,
				4246B1E72A75570700DC913B /* Assets.xcassets in Resources */,
				423B18C32A77A3830048E511 /* GoogleService-Info.plist in Resources */,
			);
			runOnlyForDeploymentPostprocessing = 0;
		};
/* End PBXResourcesBuildPhase section */

/* Begin PBXShellScriptBuildPhase section */
		D23ABE38EE50BF74F939B093 /* [CP] Check Pods Manifest.lock */ = {
			isa = PBXShellScriptBuildPhase;
			buildActionMask = 2147483647;
			files = (
			);
			inputFileListPaths = (
			);
			inputPaths = (
				"${PODS_PODFILE_DIR_PATH}/Podfile.lock",
				"${PODS_ROOT}/Manifest.lock",
			);
			name = "[CP] Check Pods Manifest.lock";
			outputFileListPaths = (
			);
			outputPaths = (
				"$(DERIVED_FILE_DIR)/Pods-PhotoAiPaper-checkManifestLockResult.txt",
			);
			runOnlyForDeploymentPostprocessing = 0;
			shellPath = /bin/sh;
			shellScript = "diff \"${PODS_PODFILE_DIR_PATH}/Podfile.lock\" \"${PODS_ROOT}/Manifest.lock\" > /dev/null\nif [ $? != 0 ] ; then\n    # print error to STDERR\n    echo \"error: The sandbox is not in sync with the Podfile.lock. Run 'pod install' or update your CocoaPods installation.\" >&2\n    exit 1\nfi\n# This output is used by Xcode 'outputs' to avoid re-running this script phase.\necho \"SUCCESS\" > \"${SCRIPT_OUTPUT_FILE_0}\"\n";
			showEnvVarsInLog = 0;
		};
/* End PBXShellScriptBuildPhase section */

/* Begin PBXSourcesBuildPhase section */
		4246B1D62A75570500DC913B /* Sources */ = {
			isa = PBXSourcesBuildPhase;
			buildActionMask = 2147483647;
			files = (
				4265A94A2A7AAB9100ED9B81 /* WallPaperItem.swift in Sources */,
				4265A93C2A7A305500ED9B81 /* IntroductionViewController.swift in Sources */,
				4246B2202A756F3C00DC913B /* CategoryCollectionViewCell.swift in Sources */,
				42D3B6212A81384B00BBD4A4 /* Wallpaper+CoreDataProperties.swift in Sources */,
				4265A9432A7A362200ED9B81 /* IntroductionItem.swift in Sources */,
				4246B23A2A76CC2F00DC913B /* CardView.swift in Sources */,
				4265A9452A7AA6B400ED9B81 /* ListImagesViewController.swift in Sources */,
				423B9E462A868B1200425226 /* FirebaseMigrationManager.swift in Sources */,
				42E0CEEA2AA6161C00CE72B7 /* CardViewModel.swift in Sources */,
				4246B1E22A75570500DC913B /* CategoriesViewController.swift in Sources */,
				4246B20D2A75621B00DC913B /* TabBarItem.swift in Sources */,
				4246B2442A76D9D400DC913B /* SettingsCollectionViewCell.swift in Sources */,
				4246B2152A7564AA00DC913B /* SettingsViewController.swift in Sources */,
				42479D1E2A9BAB4000B6EF02 /* LookPageCollectionViewCell.swift in Sources */,
				4246B2012A755B5700DC913B /* Category.swift in Sources */,
				422D8EB62A83ED28002FD739 /* ImageLoader.swift in Sources */,
				4211DEA62A99021600ABF37E /* Extension+UIViewController.swift in Sources */,
				42B70AFB2A801D1800225734 /* AboutUsViewController.swift in Sources */,
				4246B2242A76ACFF00DC913B /* BaseViewController.swift in Sources */,
				4246B20B2A755F0F00DC913B /* Extension+UIColor.swift in Sources */,
				42B950E52A965CD0008E4E63 /* Extension+UIApplication.swift in Sources */,
				4246B2382A76CBA500DC913B /* CardViewController.swift in Sources */,
				42479D202A9BB0D300B6EF02 /* LookPageItem.swift in Sources */,
				4246B2462A76D9F400DC913B /* Settings+DataSource.swift in Sources */,
				42B950E32A9657A2008E4E63 /* ThemeService.swift in Sources */,
				422D8EB82A83EEEC002FD739 /* Extension+Array.swift in Sources */,
				42D3B6262A813C6E00BBD4A4 /* Constants.swift in Sources */,
				4246B21E2A756E6100DC913B /* Categories+CollectionDataSource.swift in Sources */,
				423B9E482A8698B800425226 /* ListImagesViewModel.swift in Sources */,
				4246B20F2A75645700DC913B /* FavoriteViewController.swift in Sources */,
				4265A9472A7AAADC00ED9B81 /* Firebase+Repository.swift in Sources */,
				42243DC82A93BE81000879BC /* UserDefaultsManager.swift in Sources */,
				4265A9412A7A30C100ED9B81 /* Introduction+CollectionDataSource.swift in Sources */,
				42B05C6B2A83E02A006F459A /* WallpaperUseCase.swift in Sources */,
				4246B2222A756F9700DC913B /* BaseImageCollectionViewCell.swift in Sources */,
				42D3B6282A813FFC00BBD4A4 /* CoreData+Repository.swift in Sources */,
				4246B1DE2A75570500DC913B /* AppDelegate.swift in Sources */,
				423B18BF2A77A07B0048E511 /* FirebaseRepositoryImpl.swift in Sources */,
				4246B2182A75686900DC913B /* CollectionLayout.swift in Sources */,
				42BD2F6B2A9CF3F700176E0F /* BaseModalityViewController.swift in Sources */,
				42D3B6202A81384B00BBD4A4 /* Wallpaper+CoreDataClass.swift in Sources */,
				4265A93E2A7A308300ED9B81 /* IntroductionCollectionViewCell.swift in Sources */,
				423B9E4C2A86994900425226 /* FirebaseDatabase+Impl.swift in Sources */,
				421201592AAE197700297F33 /* TrendingViewModel.swift in Sources */,
				4246B2052A755D1C00DC913B /* TabBarController.swift in Sources */,
				42BCC2C82A9D0C9F00995DC3 /* Extension+UICollectionView.swift in Sources */,
				423B9E4A2A8698D600425226 /* FirestoreDatabase+Repository.swift in Sources */,
				4246B2122A75647D00DC913B /* TrendingViewController.swift in Sources */,
				420C99F92A9C98D600096B53 /* LookPageDataSource.swift in Sources */,
				4246B1FD2A7559D500DC913B /* CategoriesViewModel.swift in Sources */,
				4246B1E02A75570500DC913B /* SceneDelegate.swift in Sources */,
				4246B2482A76DDCE00DC913B /* SettingsItem.swift in Sources */,
				42479D1A2A9BA76900B6EF02 /* LookPageViewController.swift in Sources */,
			);
			runOnlyForDeploymentPostprocessing = 0;
		};
/* End PBXSourcesBuildPhase section */

/* Begin PBXVariantGroup section */
		4246B1E82A75570700DC913B /* LaunchScreen.storyboard */ = {
			isa = PBXVariantGroup;
			children = (
				4246B1E92A75570700DC913B /* Base */,
			);
			name = LaunchScreen.storyboard;
			sourceTree = "<group>";
		};
/* End PBXVariantGroup section */

/* Begin XCBuildConfiguration section */
		4246B1EC2A75570700DC913B /* Debug */ = {
			isa = XCBuildConfiguration;
			buildSettings = {
				ALWAYS_SEARCH_USER_PATHS = NO;
				CLANG_ANALYZER_NONNULL = YES;
				CLANG_ANALYZER_NUMBER_OBJECT_CONVERSION = YES_AGGRESSIVE;
				CLANG_CXX_LANGUAGE_STANDARD = "gnu++20";
				CLANG_ENABLE_MODULES = YES;
				CLANG_ENABLE_OBJC_ARC = YES;
				CLANG_ENABLE_OBJC_WEAK = YES;
				CLANG_WARN_BLOCK_CAPTURE_AUTORELEASING = YES;
				CLANG_WARN_BOOL_CONVERSION = YES;
				CLANG_WARN_COMMA = YES;
				CLANG_WARN_CONSTANT_CONVERSION = YES;
				CLANG_WARN_DEPRECATED_OBJC_IMPLEMENTATIONS = YES;
				CLANG_WARN_DIRECT_OBJC_ISA_USAGE = YES_ERROR;
				CLANG_WARN_DOCUMENTATION_COMMENTS = YES;
				CLANG_WARN_EMPTY_BODY = YES;
				CLANG_WARN_ENUM_CONVERSION = YES;
				CLANG_WARN_INFINITE_RECURSION = YES;
				CLANG_WARN_INT_CONVERSION = YES;
				CLANG_WARN_NON_LITERAL_NULL_CONVERSION = YES;
				CLANG_WARN_OBJC_IMPLICIT_RETAIN_SELF = YES;
				CLANG_WARN_OBJC_LITERAL_CONVERSION = YES;
				CLANG_WARN_OBJC_ROOT_CLASS = YES_ERROR;
				CLANG_WARN_QUOTED_INCLUDE_IN_FRAMEWORK_HEADER = YES;
				CLANG_WARN_RANGE_LOOP_ANALYSIS = YES;
				CLANG_WARN_STRICT_PROTOTYPES = YES;
				CLANG_WARN_SUSPICIOUS_MOVE = YES;
				CLANG_WARN_UNGUARDED_AVAILABILITY = YES_AGGRESSIVE;
				CLANG_WARN_UNREACHABLE_CODE = YES;
				CLANG_WARN__DUPLICATE_METHOD_MATCH = YES;
				COPY_PHASE_STRIP = NO;
				DEBUG_INFORMATION_FORMAT = dwarf;
				ENABLE_STRICT_OBJC_MSGSEND = YES;
				ENABLE_TESTABILITY = YES;
				GCC_C_LANGUAGE_STANDARD = gnu11;
				GCC_DYNAMIC_NO_PIC = NO;
				GCC_NO_COMMON_BLOCKS = YES;
				GCC_OPTIMIZATION_LEVEL = 0;
				GCC_PREPROCESSOR_DEFINITIONS = (
					"DEBUG=1",
					"$(inherited)",
				);
				GCC_WARN_64_TO_32_BIT_CONVERSION = YES;
				GCC_WARN_ABOUT_RETURN_TYPE = YES_ERROR;
				GCC_WARN_UNDECLARED_SELECTOR = YES;
				GCC_WARN_UNINITIALIZED_AUTOS = YES_AGGRESSIVE;
				GCC_WARN_UNUSED_FUNCTION = YES;
				GCC_WARN_UNUSED_VARIABLE = YES;
				IPHONEOS_DEPLOYMENT_TARGET = 16.4;
				MTL_ENABLE_DEBUG_INFO = INCLUDE_SOURCE;
				MTL_FAST_MATH = YES;
				ONLY_ACTIVE_ARCH = YES;
				SDKROOT = iphoneos;
				SWIFT_ACTIVE_COMPILATION_CONDITIONS = DEBUG;
				SWIFT_OPTIMIZATION_LEVEL = "-Onone";
			};
			name = Debug;
		};
		4246B1ED2A75570700DC913B /* Release */ = {
			isa = XCBuildConfiguration;
			buildSettings = {
				ALWAYS_SEARCH_USER_PATHS = NO;
				CLANG_ANALYZER_NONNULL = YES;
				CLANG_ANALYZER_NUMBER_OBJECT_CONVERSION = YES_AGGRESSIVE;
				CLANG_CXX_LANGUAGE_STANDARD = "gnu++20";
				CLANG_ENABLE_MODULES = YES;
				CLANG_ENABLE_OBJC_ARC = YES;
				CLANG_ENABLE_OBJC_WEAK = YES;
				CLANG_WARN_BLOCK_CAPTURE_AUTORELEASING = YES;
				CLANG_WARN_BOOL_CONVERSION = YES;
				CLANG_WARN_COMMA = YES;
				CLANG_WARN_CONSTANT_CONVERSION = YES;
				CLANG_WARN_DEPRECATED_OBJC_IMPLEMENTATIONS = YES;
				CLANG_WARN_DIRECT_OBJC_ISA_USAGE = YES_ERROR;
				CLANG_WARN_DOCUMENTATION_COMMENTS = YES;
				CLANG_WARN_EMPTY_BODY = YES;
				CLANG_WARN_ENUM_CONVERSION = YES;
				CLANG_WARN_INFINITE_RECURSION = YES;
				CLANG_WARN_INT_CONVERSION = YES;
				CLANG_WARN_NON_LITERAL_NULL_CONVERSION = YES;
				CLANG_WARN_OBJC_IMPLICIT_RETAIN_SELF = YES;
				CLANG_WARN_OBJC_LITERAL_CONVERSION = YES;
				CLANG_WARN_OBJC_ROOT_CLASS = YES_ERROR;
				CLANG_WARN_QUOTED_INCLUDE_IN_FRAMEWORK_HEADER = YES;
				CLANG_WARN_RANGE_LOOP_ANALYSIS = YES;
				CLANG_WARN_STRICT_PROTOTYPES = YES;
				CLANG_WARN_SUSPICIOUS_MOVE = YES;
				CLANG_WARN_UNGUARDED_AVAILABILITY = YES_AGGRESSIVE;
				CLANG_WARN_UNREACHABLE_CODE = YES;
				CLANG_WARN__DUPLICATE_METHOD_MATCH = YES;
				COPY_PHASE_STRIP = NO;
				DEBUG_INFORMATION_FORMAT = "dwarf-with-dsym";
				ENABLE_NS_ASSERTIONS = NO;
				ENABLE_STRICT_OBJC_MSGSEND = YES;
				GCC_C_LANGUAGE_STANDARD = gnu11;
				GCC_NO_COMMON_BLOCKS = YES;
				GCC_WARN_64_TO_32_BIT_CONVERSION = YES;
				GCC_WARN_ABOUT_RETURN_TYPE = YES_ERROR;
				GCC_WARN_UNDECLARED_SELECTOR = YES;
				GCC_WARN_UNINITIALIZED_AUTOS = YES_AGGRESSIVE;
				GCC_WARN_UNUSED_FUNCTION = YES;
				GCC_WARN_UNUSED_VARIABLE = YES;
				IPHONEOS_DEPLOYMENT_TARGET = 16.4;
				MTL_ENABLE_DEBUG_INFO = NO;
				MTL_FAST_MATH = YES;
				SDKROOT = iphoneos;
				SWIFT_COMPILATION_MODE = wholemodule;
				SWIFT_OPTIMIZATION_LEVEL = "-O";
				VALIDATE_PRODUCT = YES;
			};
			name = Release;
		};
		4246B1EF2A75570700DC913B /* Debug */ = {
			isa = XCBuildConfiguration;
			baseConfigurationReference = 14DCE44A638E16AD020F8288 /* Pods-PhotoAiPaper.debug.xcconfig */;
			buildSettings = {
				ASSETCATALOG_COMPILER_APPICON_NAME = AppIcon;
				ASSETCATALOG_COMPILER_GLOBAL_ACCENT_COLOR_NAME = AccentColor;
				CODE_SIGN_STYLE = Automatic;
				CURRENT_PROJECT_VERSION = 1;
				GENERATE_INFOPLIST_FILE = YES;
				INFOPLIST_FILE = PhotoAiPaper/Info.plist;
				INFOPLIST_KEY_UIApplicationSupportsIndirectInputEvents = YES;
				INFOPLIST_KEY_UILaunchStoryboardName = LaunchScreen;
				INFOPLIST_KEY_UIMainStoryboardFile = "";
				INFOPLIST_KEY_UISupportedInterfaceOrientations_iPad = "UIInterfaceOrientationPortrait UIInterfaceOrientationPortraitUpsideDown UIInterfaceOrientationLandscapeLeft UIInterfaceOrientationLandscapeRight";
				INFOPLIST_KEY_UISupportedInterfaceOrientations_iPhone = "UIInterfaceOrientationPortrait UIInterfaceOrientationLandscapeLeft UIInterfaceOrientationLandscapeRight";
				LD_RUNPATH_SEARCH_PATHS = (
					"$(inherited)",
					"@executable_path/Frameworks",
				);
				MARKETING_VERSION = 1.0;
				PRODUCT_BUNDLE_IDENTIFIER = com.paperAI.PhotoAiPaper;
				PRODUCT_NAME = "$(TARGET_NAME)";
				SWIFT_EMIT_LOC_STRINGS = YES;
				SWIFT_VERSION = 5.0;
				TARGETED_DEVICE_FAMILY = "1,2";
			};
			name = Debug;
		};
		4246B1F02A75570700DC913B /* Release */ = {
			isa = XCBuildConfiguration;
			baseConfigurationReference = B50C92F34AF63E628A83A42A /* Pods-PhotoAiPaper.release.xcconfig */;
			buildSettings = {
				ASSETCATALOG_COMPILER_APPICON_NAME = AppIcon;
				ASSETCATALOG_COMPILER_GLOBAL_ACCENT_COLOR_NAME = AccentColor;
				CODE_SIGN_STYLE = Automatic;
				CURRENT_PROJECT_VERSION = 1;
				GENERATE_INFOPLIST_FILE = YES;
				INFOPLIST_FILE = PhotoAiPaper/Info.plist;
				INFOPLIST_KEY_UIApplicationSupportsIndirectInputEvents = YES;
				INFOPLIST_KEY_UILaunchStoryboardName = LaunchScreen;
				INFOPLIST_KEY_UIMainStoryboardFile = "";
				INFOPLIST_KEY_UISupportedInterfaceOrientations_iPad = "UIInterfaceOrientationPortrait UIInterfaceOrientationPortraitUpsideDown UIInterfaceOrientationLandscapeLeft UIInterfaceOrientationLandscapeRight";
				INFOPLIST_KEY_UISupportedInterfaceOrientations_iPhone = "UIInterfaceOrientationPortrait UIInterfaceOrientationLandscapeLeft UIInterfaceOrientationLandscapeRight";
				LD_RUNPATH_SEARCH_PATHS = (
					"$(inherited)",
					"@executable_path/Frameworks",
				);
				MARKETING_VERSION = 1.0;
				PRODUCT_BUNDLE_IDENTIFIER = com.paperAI.PhotoAiPaper;
				PRODUCT_NAME = "$(TARGET_NAME)";
				SWIFT_EMIT_LOC_STRINGS = YES;
				SWIFT_VERSION = 5.0;
				TARGETED_DEVICE_FAMILY = "1,2";
			};
			name = Release;
		};
/* End XCBuildConfiguration section */

/* Begin XCConfigurationList section */
		4246B1D52A75570500DC913B /* Build configuration list for PBXProject "PhotoAiPaper" */ = {
			isa = XCConfigurationList;
			buildConfigurations = (
				4246B1EC2A75570700DC913B /* Debug */,
				4246B1ED2A75570700DC913B /* Release */,
			);
			defaultConfigurationIsVisible = 0;
			defaultConfigurationName = Release;
		};
		4246B1EE2A75570700DC913B /* Build configuration list for PBXNativeTarget "PhotoAiPaper" */ = {
			isa = XCConfigurationList;
			buildConfigurations = (
				4246B1EF2A75570700DC913B /* Debug */,
				4246B1F02A75570700DC913B /* Release */,
			);
			defaultConfigurationIsVisible = 0;
			defaultConfigurationName = Release;
		};
/* End XCConfigurationList section */

/* Begin XCRemoteSwiftPackageReference section */
		4210A78D2A7D61FD004D52DE /* XCRemoteSwiftPackageReference "SDWebImage" */ = {
			isa = XCRemoteSwiftPackageReference;
			repositoryURL = "https://github.com/SDWebImage/SDWebImage";
			requirement = {
				kind = upToNextMajorVersion;
				minimumVersion = 5.0.0;
			};
		};
		423B18B72A779DD70048E511 /* XCRemoteSwiftPackageReference "firebase-ios-sdk" */ = {
			isa = XCRemoteSwiftPackageReference;
			repositoryURL = "https://github.com/firebase/firebase-ios-sdk";
			requirement = {
				kind = upToNextMajorVersion;
				minimumVersion = 10.0.0;
			};
		};
/* End XCRemoteSwiftPackageReference section */

/* Begin XCSwiftPackageProductDependency section */
		4210A78E2A7D61FD004D52DE /* SDWebImage */ = {
			isa = XCSwiftPackageProductDependency;
			package = 4210A78D2A7D61FD004D52DE /* XCRemoteSwiftPackageReference "SDWebImage" */;
			productName = SDWebImage;
		};
		423B18B82A779DD70048E511 /* FirebaseAuth */ = {
			isa = XCSwiftPackageProductDependency;
			package = 423B18B72A779DD70048E511 /* XCRemoteSwiftPackageReference "firebase-ios-sdk" */;
			productName = FirebaseAuth;
		};
		423B18BA2A779DD70048E511 /* FirebaseFirestore */ = {
			isa = XCSwiftPackageProductDependency;
			package = 423B18B72A779DD70048E511 /* XCRemoteSwiftPackageReference "firebase-ios-sdk" */;
			productName = FirebaseFirestore;
		};
		423B18BC2A779DD70048E511 /* FirebaseStorage */ = {
			isa = XCSwiftPackageProductDependency;
			package = 423B18B72A779DD70048E511 /* XCRemoteSwiftPackageReference "firebase-ios-sdk" */;
			productName = FirebaseStorage;
		};
		423B9E432A8681F700425226 /* FirebaseFirestoreSwift */ = {
			isa = XCSwiftPackageProductDependency;
			package = 423B18B72A779DD70048E511 /* XCRemoteSwiftPackageReference "firebase-ios-sdk" */;
			productName = FirebaseFirestoreSwift;
		};
/* End XCSwiftPackageProductDependency section */
	};
	rootObject = 4246B1D22A75570500DC913B /* Project object */;
}
